
Microsoft Visual Studio Solution File, Format Version 12.00
Project("{F2A71F9B-5D33-465A-A702-920D77279786}") = "GY.Modifier", "GY.Modifier\GY.Modifier.fsproj", "{753945DC-0F7E-4E26-B4C8-B2CA669C8246}"
EndProject
Global
	GlobalSection(SolutionConfigurationPlatforms) = preSolution
		Debug|Any CPU = Debug|Any CPU
		Release|Any CPU = Release|Any CPU
	EndGlobalSection
	GlobalSection(ProjectConfigurationPlatforms) = postSolution
		{753945DC-0F7E-4E26-B4C8-B2CA669C8246}.Debug|Any CPU.ActiveCfg = Debug|Any CPU
		{753945DC-0F7E-4E26-B4C8-B2CA669C8246}.Debug|Any CPU.Build.0 = Debug|Any CPU
		{753945DC-0F7E-4E26-B4C8-B2CA669C8246}.Release|Any CPU.ActiveCfg = Release|Any CPU
		{753945DC-0F7E-4E26-B4C8-B2CA669C8246}.Release|Any CPU.Build.0 = Release|Any CPU
	EndGlobalSection
EndGlobal
